// !$*UTF8*$!
{
	archiveVersion = 1;
	classes = {
	};
	objectVersion = 46;
	objects = {

/* Begin PBXBuildFile section */
		D00A1C191D9523D40010CBF5 /* main.m in Sources */ = {isa = PBXBuildFile; fileRef = D00A1C181D9523D40010CBF5 /* main.m */; };
		D00A1C1C1D9523D40010CBF5 /* AppDelegate.m in Sources */ = {isa = PBXBuildFile; fileRef = D00A1C1B1D9523D40010CBF5 /* AppDelegate.m */; };
		D00A1C1F1D9523D40010CBF5 /* ViewController.m in Sources */ = {isa = PBXBuildFile; fileRef = D00A1C1E1D9523D40010CBF5 /* ViewController.m */; };
		D00A1C221D9523D40010CBF5 /* Main.storyboard in Resources */ = {isa = PBXBuildFile; fileRef = D00A1C201D9523D40010CBF5 /* Main.storyboard */; };
		D00A1C241D9523D40010CBF5 /* Assets.xcassets in Resources */ = {isa = PBXBuildFile; fileRef = D00A1C231D9523D40010CBF5 /* Assets.xcassets */; };
		D00A1C271D9523D40010CBF5 /* LaunchScreen.storyboard in Resources */ = {isa = PBXBuildFile; fileRef = D00A1C251D9523D40010CBF5 /* LaunchScreen.storyboard */; };
		D00A1C381D9523FB0010CBF5 /* IFCollectionViewController.m in Sources */ = {isa = PBXBuildFile; fileRef = D00A1C311D9523FB0010CBF5 /* IFCollectionViewController.m */; };
		D00A1C391D9523FB0010CBF5 /* IFCollectionViewCell.m in Sources */ = {isa = PBXBuildFile; fileRef = D00A1C351D9523FB0010CBF5 /* IFCollectionViewCell.m */; };
		D00A1C3A1D9523FB0010CBF5 /* UIView+IFExtension.m in Sources */ = {isa = PBXBuildFile; fileRef = D00A1C371D9523FB0010CBF5 /* UIView+IFExtension.m */; };
/* End PBXBuildFile section */

/* Begin PBXFileReference section */
		D00A1C141D9523D40010CBF5 /* 无限滚动.app */ = {isa = PBXFileReference; explicitFileType = wrapper.application; includeInIndex = 0; path = "无限滚动.app"; sourceTree = BUILT_PRODUCTS_DIR; };
		D00A1C181D9523D40010CBF5 /* main.m */ = {isa = PBXFileReference; lastKnownFileType = sourcecode.c.objc; path = main.m; sourceTree = "<group>"; };
		D00A1C1A1D9523D40010CBF5 /* AppDelegate.h */ = {isa = PBXFileReference; lastKnownFileType = sourcecode.c.h; path = AppDelegate.h; sourceTree = "<group>"; };
		D00A1C1B1D9523D40010CBF5 /* AppDelegate.m */ = {isa = PBXFileReference; lastKnownFileType = sourcecode.c.objc; path = AppDelegate.m; sourceTree = "<group>"; };
		D00A1C1D1D9523D40010CBF5 /* ViewController.h */ = {isa = PBXFileReference; lastKnownFileType = sourcecode.c.h; path = ViewController.h; sourceTree = "<group>"; };
		D00A1C1E1D9523D40010CBF5 /* ViewController.m */ = {isa = PBXFileReference; lastKnownFileType = sourcecode.c.objc; path = ViewController.m; sourceTree = "<group>"; };
		D00A1C211D9523D40010CBF5 /* Base */ = {isa = PBXFileReference; lastKnownFileType = file.storyboard; name = Base; path = Base.lproj/Main.storyboard; sourceTree = "<group>"; };
		D00A1C231D9523D40010CBF5 /* Assets.xcassets */ = {isa = PBXFileReference; lastKnownFileType = folder.assetcatalog; path = Assets.xcassets; sourceTree = "<group>"; };
		D00A1C261D9523D40010CBF5 /* Base */ = {isa = PBXFileReference; lastKnownFileType = file.storyboard; name = Base; path = Base.lproj/LaunchScreen.storyboard; sourceTree = "<group>"; };
		D00A1C281D9523D40010CBF5 /* Info.plist */ = {isa = PBXFileReference; lastKnownFileType = text.plist.xml; path = Info.plist; sourceTree = "<group>"; };
		D00A1C301D9523FB0010CBF5 /* IFCollectionViewController.h */ = {isa = PBXFileReference; fileEncoding = 4; lastKnownFileType = sourcecode.c.h; path = IFCollectionViewController.h; sourceTree = "<group>"; };
		D00A1C311D9523FB0010CBF5 /* IFCollectionViewController.m */ = {isa = PBXFileReference; fileEncoding = 4; lastKnownFileType = sourcecode.c.objc; path = IFCollectionViewController.m; sourceTree = "<group>"; };
		D00A1C341D9523FB0010CBF5 /* IFCollectionViewCell.h */ = {isa = PBXFileReference; fileEncoding = 4; lastKnownFileType = sourcecode.c.h; path = IFCollectionViewCell.h; sourceTree = "<group>"; };
		D00A1C351D9523FB0010CBF5 /* IFCollectionViewCell.m */ = {isa = PBXFileReference; fileEncoding = 4; lastKnownFileType = sourcecode.c.objc; path = IFCollectionViewCell.m; sourceTree = "<group>"; };
		D00A1C361D9523FB0010CBF5 /* UIView+IFExtension.h */ = {isa = PBXFileReference; fileEncoding = 4; lastKnownFileType = sourcecode.c.h; path = "UIView+IFExtension.h"; sourceTree = "<group>"; };
		D00A1C371D9523FB0010CBF5 /* UIView+IFExtension.m */ = {isa = PBXFileReference; fileEncoding = 4; lastKnownFileType = sourcecode.c.objc; path = "UIView+IFExtension.m"; sourceTree = "<group>"; };
/* End PBXFileReference section */

/* Begin PBXFrameworksBuildPhase section */
		D00A1C111D9523D40010CBF5 /* Frameworks */ = {
			isa = PBXFrameworksBuildPhase;
			buildActionMask = 2147483647;
			files = (
			);
			runOnlyForDeploymentPostprocessing = 0;
		};
/* End PBXFrameworksBuildPhase section */

/* Begin PBXGroup section */
		D00A1C0B1D9523D40010CBF5 = {
			isa = PBXGroup;
			children = (
				D00A1C161D9523D40010CBF5 /* 无限滚动 */,
				D00A1C151D9523D40010CBF5 /* Products */,
			);
			sourceTree = "<group>";
		};
		D00A1C151D9523D40010CBF5 /* Products */ = {
			isa = PBXGroup;
			children = (
				D00A1C141D9523D40010CBF5 /* 无限滚动.app */,
			);
			name = Products;
			sourceTree = "<group>";
		};
		D00A1C161D9523D40010CBF5 /* 无限滚动 */ = {
			isa = PBXGroup;
			children = (
				D00A1C2E1D9523FB0010CBF5 /* MVC */,
				D00A1C361D9523FB0010CBF5 /* UIView+IFExtension.h */,
				D00A1C371D9523FB0010CBF5 /* UIView+IFExtension.m */,
				D00A1C1A1D9523D40010CBF5 /* AppDelegate.h */,
				D00A1C1B1D9523D40010CBF5 /* AppDelegate.m */,
				D00A1C1D1D9523D40010CBF5 /* ViewController.h */,
				D00A1C1E1D9523D40010CBF5 /* ViewController.m */,
				D00A1C201D9523D40010CBF5 /* Main.storyboard */,
				D00A1C231D9523D40010CBF5 /* Assets.xcassets */,
				D00A1C251D9523D40010CBF5 /* LaunchScreen.storyboard */,
				D00A1C281D9523D40010CBF5 /* Info.plist */,
				D00A1C171D9523D40010CBF5 /* Supporting Files */,
			);
			path = "无限滚动";
			sourceTree = "<group>";
		};
		D00A1C171D9523D40010CBF5 /* Supporting Files */ = {
			isa = PBXGroup;
			children = (
				D00A1C181D9523D40010CBF5 /* main.m */,
			);
			name = "Supporting Files";
			sourceTree = "<group>";
		};
		D00A1C2E1D9523FB0010CBF5 /* MVC */ = {
			isa = PBXGroup;
			children = (
				D00A1C2F1D9523FB0010CBF5 /* Controller */,
				D00A1C321D9523FB0010CBF5 /* Model */,
				D00A1C331D9523FB0010CBF5 /* View */,
			);
			path = MVC;
			sourceTree = "<group>";
		};
		D00A1C2F1D9523FB0010CBF5 /* Controller */ = {
			isa = PBXGroup;
			children = (
				D00A1C301D9523FB0010CBF5 /* IFCollectionViewController.h */,
				D00A1C311D9523FB0010CBF5 /* IFCollectionViewController.m */,
			);
			path = Controller;
			sourceTree = "<group>";
		};
		D00A1C321D9523FB0010CBF5 /* Model */ = {
			isa = PBXGroup;
			children = (
			);
			path = Model;
			sourceTree = "<group>";
		};
		D00A1C331D9523FB0010CBF5 /* View */ = {
			isa = PBXGroup;
			children = (
				D00A1C341D9523FB0010CBF5 /* IFCollectionViewCell.h */,
				D00A1C351D9523FB0010CBF5 /* IFCollectionViewCell.m */,
			);
			path = View;
			sourceTree = "<group>";
		};
/* End PBXGroup section */

/* Begin PBXNativeTarget section */
		D00A1C131D9523D40010CBF5 /* 无限滚动 */ = {
			isa = PBXNativeTarget;
			buildConfigurationList = D00A1C2B1D9523D40010CBF5 /* Build configuration list for PBXNativeTarget "无限滚动" */;
			buildPhases = (
				D00A1C101D9523D40010CBF5 /* Sources */,
				D00A1C111D9523D40010CBF5 /* Frameworks */,
				D00A1C121D9523D40010CBF5 /* Resources */,
			);
			buildRules = (
			);
			dependencies = (
			);
			name = "无限滚动";
			productName = "无限滚动";
			productReference = D00A1C141D9523D40010CBF5 /* 无限滚动.app */;
			productType = "com.apple.product-type.application";
		};
/* End PBXNativeTarget section */

/* Begin PBXProject section */
		D00A1C0C1D9523D40010CBF5 /* Project object */ = {
			isa = PBXProject;
			attributes = {
				LastUpgradeCheck = 0730;
				ORGANIZATIONNAME = SaiDicaprio;
				TargetAttributes = {
					D00A1C131D9523D40010CBF5 = {
						CreatedOnToolsVersion = 7.3.1;
					};
				};
			};
			buildConfigurationList = D00A1C0F1D9523D40010CBF5 /* Build configuration list for PBXProject "无限滚动" */;
			compatibilityVersion = "Xcode 3.2";
			developmentRegion = English;
			hasScannedForEncodings = 0;
			knownRegions = (
				en,
				Base,
			);
			mainGroup = D00A1C0B1D9523D40010CBF5;
			productRefGroup = D00A1C151D9523D40010CBF5 /* Products */;
			projectDirPath = "";
			projectRoot = "";
			targets = (
				D00A1C131D9523D40010CBF5 /* 无限滚动 */,
			);
		};
/* End PBXProject section */

/* Begin PBXResourcesBuildPhase section */
		D00A1C121D9523D40010CBF5 /* Resources */ = {
			isa = PBXResourcesBuildPhase;
			buildActionMask = 2147483647;
			files = (
				D00A1C271D9523D40010CBF5 /* LaunchScreen.storyboard in Resources */,
				D00A1C241D9523D40010CBF5 /* Assets.xcassets in Resources */,
				D00A1C221D9523D40010CBF5 /* Main.storyboard in Resources */,
			);
			runOnlyForDeploymentPostprocessing = 0;
		};
/* End PBXResourcesBuildPhase section */

/* Begin PBXSourcesBuildPhase section */
		D00A1C101D9523D40010CBF5 /* Sources */ = {
			isa = PBXSourcesBuildPhase;
			buildActionMask = 2147483647;
			files = (
				D00A1C1F1D9523D40010CBF5 /* ViewController.m in Sources */,
				D00A1C381D9523FB0010CBF5 /* IFCollectionViewController.m in Sources */,
				D00A1C1C1D9523D40010CBF5 /* AppDelegate.m in Sources */,
				D00A1C191D9523D40010CBF5 /* main.m in Sources */,
				D00A1C391D9523FB0010CBF5 /* IFCollectionViewCell.m in Sources */,
				D00A1C3A1D9523FB0010CBF5 /* UIView+IFExtension.m in Sources */,
			);
			runOnlyForDeploymentPostprocessing = 0;
		};
/* End PBXSourcesBuildPhase section */

/* Begin PBXVariantGroup section */
		D00A1C201D9523D40010CBF5 /* Main.storyboard */ = {
			isa = PBXVariantGroup;
			children = (
				D00A1C211D9523D40010CBF5 /* Base */,
			);
			name = Main.storyboard;
			sourceTree = "<group>";
		};
		D00A1C251D9523D40010CBF5 /* LaunchScreen.storyboard */ = {
			isa = PBXVariantGroup;
			children = (
				D00A1C261D9523D40010CBF5 /* Base */,
			);
			name = LaunchScreen.storyboard;
			sourceTree = "<group>";
		};
/* End PBXVariantGroup section */

/* Begin XCBuildConfiguration section */
		D00A1C291D9523D40010CBF5 /* Debug */ = {
			isa = XCBuildConfiguration;
			buildSettings = {
				ALWAYS_SEARCH_USER_PATHS = NO;
				CLANG_ANALYZER_NONNULL = YES;
				CLANG_CXX_LANGUAGE_STANDARD = "gnu++0x";
				CLANG_CXX_LIBRARY = "libc++";
				CLANG_ENABLE_MODULES = YES;
				CLANG_ENABLE_OBJC_ARC = YES;
				CLANG_WARN_BOOL_CONVERSION = YES;
				CLANG_WARN_CONSTANT_CONVERSION = YES;
				CLANG_WARN_DIRECT_OBJC_ISA_USAGE = YES_ERROR;
				CLANG_WARN_EMPTY_BODY = YES;
				CLANG_WARN_ENUM_CONVERSION = YES;
				CLANG_WARN_INT_CONVERSION = YES;
				CLANG_WARN_OBJC_ROOT_CLASS = YES_ERROR;
				CLANG_WARN_UNREACHABLE_CODE = YES;
				CLANG_WARN__DUPLICATE_METHOD_MATCH = YES;
				"CODE_SIGN_IDENTITY[sdk=iphoneos*]" = "iPhone Developer";
				COPY_PHASE_STRIP = NO;
				DEBUG_INFORMATION_FORMAT = dwarf;
				ENABLE_STRICT_OBJC_MSGSEND = YES;
				ENABLE_TESTABILITY = YES;
				GCC_C_LANGUAGE_STANDARD = gnu99;
				GCC_DYNAMIC_NO_PIC = NO;
				GCC_NO_COMMON_BLOCKS = YES;
				GCC_OPTIMIZATION_LEVEL = 0;
				GCC_PREPROCESSOR_DEFINITIONS = (
					"DEBUG=1",
					"$(inherited)",
				);
				GCC_WARN_64_TO_32_BIT_CONVERSION = YES;
				GCC_WARN_ABOUT_RETURN_TYPE = YES_ERROR;
				GCC_WARN_UNDECLARED_SELECTOR = YES;
				GCC_WARN_UNINITIALIZED_AUTOS = YES_AGGRESSIVE;
				GCC_WARN_UNUSED_FUNCTION = YES;
				GCC_WARN_UNUSED_VARIABLE = YES;
				IPHONEOS_DEPLOYMENT_TARGET = 9.3;
				MTL_ENABLE_DEBUG_INFO = YES;
				ONLY_ACTIVE_ARCH = YES;
				SDKROOT = iphoneos;
				TARGETED_DEVICE_FAMILY = "1,2";
			};
			name = Debug;
		};
		D00A1C2A1D9523D40010CBF5 /* Release */ = {
			isa = XCBuildConfiguration;
			buildSettings = {
				ALWAYS_SEARCH_USER_PATHS = NO;
				CLANG_ANALYZER_NONNULL = YES;
				CLANG_CXX_LANGUAGE_STANDARD = "gnu++0x";
				CLANG_CXX_LIBRARY = "libc++";
				CLANG_ENABLE_MODULES = YES;
				CLANG_ENABLE_OBJC_ARC = YES;
				CLANG_WARN_BOOL_CONVERSION = YES;
				CLANG_WARN_CONSTANT_CONVERSION = YES;
				CLANG_WARN_DIRECT_OBJC_ISA_USAGE = YES_ERROR;
				CLANG_WARN_EMPTY_BODY = YES;
				CLANG_WARN_ENUM_CONVERSION = YES;
				CLANG_WARN_INT_CONVERSION = YES;
				CLANG_WARN_OBJC_ROOT_CLASS = YES_ERROR;
				CLANG_WARN_UNREACHABLE_CODE = YES;
				CLANG_WARN__DUPLICATE_METHOD_MATCH = YES;
				"CODE_SIGN_IDENTITY[sdk=iphoneos*]" = "iPhone Developer";
				COPY_PHASE_STRIP = NO;
				DEBUG_INFORMATION_FORMAT = "dwarf-with-dsym";
				ENABLE_NS_ASSERTIONS = NO;
				ENABLE_STRICT_OBJC_MSGSEND = YES;
				GCC_C_LANGUAGE_STANDARD = gnu99;
				GCC_NO_COMMON_BLOCKS = YES;
				GCC_WARN_64_TO_32_BIT_CONVERSION = YES;
				GCC_WARN_ABOUT_RETURN_TYPE = YES_ERROR;
				GCC_WARN_UNDECLARED_SELECTOR = YES;
				GCC_WARN_UNINITIALIZED_AUTOS = YES_AGGRESSIVE;
				GCC_WARN_UNUSED_FUNCTION = YES;
				GCC_WARN_UNUSED_VARIABLE = YES;
				IPHONEOS_DEPLOYMENT_TARGET = 9.3;
				MTL_ENABLE_DEBUG_INFO = NO;
				SDKROOT = iphoneos;
				TARGETED_DEVICE_FAMILY = "1,2";
				VALIDATE_PRODUCT = YES;
			};
			name = Release;
		};
		D00A1C2C1D9523D40010CBF5 /* Debug */ = {
			isa = XCBuildConfiguration;
			buildSettings = {
				ASSETCATALOG_COMPILER_APPICON_NAME = AppIcon;
				INFOPLIST_FILE = "无限滚动/Info.plist";
				LD_RUNPATH_SEARCH_PATHS = "$(inherited) @executable_path/Frameworks";
				PRODUCT_BUNDLE_IDENTIFIER = "SaiDicaprio.----";
				PRODUCT_NAME = "$(TARGET_NAME)";
			};
			name = Debug;
		};
		D00A1C2D1D9523D40010CBF5 /* Release */ = {
			isa = XCBuildConfiguration;
			buildSettings = {
				ASSETCATALOG_COMPILER_APPICON_NAME = AppIcon;
				INFOPLIST_FILE = "无限滚动/Info.plist";
				LD_RUNPATH_SEARCH_PATHS = "$(inherited) @executable_path/Frameworks";
				PRODUCT_BUNDLE_IDENTIFIER = "SaiDicaprio.----";
				PRODUCT_NAME = "$(TARGET_NAME)";
			};
			name = Release;
		};
/* End XCBuildConfiguration section */

/* Begin XCConfigurationList section */
		D00A1C0F1D9523D40010CBF5 /* Build configuration list for PBXProject "无限滚动" */ = {
			isa = XCConfigurationList;
			buildConfigurations = (
				D00A1C291D9523D40010CBF5 /* Debug */,
				D00A1C2A1D9523D40010CBF5 /* Release */,
			);
			defaultConfigurationIsVisible = 0;
			defaultConfigurationName = Release;
		};
		D00A1C2B1D9523D40010CBF5 /* Build configuration list for PBXNativeTarget "无限滚动" */ = {
			isa = XCConfigurationList;
			buildConfigurations = (
				D00A1C2C1D9523D40010CBF5 /* Debug */,
				D00A1C2D1D9523D40010CBF5 /* Release */,
			);
			defaultConfigurationIsVisible = 0;
		};
/* End XCConfigurationList section */
	};
	rootObject = D00A1C0C1D9523D40010CBF5 /* Project object */;
}
